
Microsoft Visual Studio Solution File, Format Version 12.00
# Visual Studio Version 16
VisualStudioVersion = 16.0.29613.14
MinimumVisualStudioVersion = 10.0.40219.1
Project("{FAE04EC0-301F-11D3-BF4B-00C04F79EFBC}") = "骰子", "骰子\骰子.csproj", "{6C213593-5E84-495C-BCBC-3B6CD5B039B0}"
EndProject
Global
	GlobalSection(SolutionConfigurationPlatforms) = preSolution
		Debug|Any CPU = Debug|Any CPU
		Release|Any CPU = Release|Any CPU
	EndGlobalSection
	GlobalSection(ProjectConfigurationPlatforms) = postSolution
		{6C213593-5E84-495C-BCBC-3B6CD5B039B0}.Debug|Any CPU.ActiveCfg = Debug|Any CPU
		{6C213593-5E84-495C-BCBC-3B6CD5B039B0}.Debug|Any CPU.Build.0 = Debug|Any CPU
		{6C213593-5E84-495C-BCBC-3B6CD5B039B0}.Release|Any CPU.ActiveCfg = Release|Any CPU
		{6C213593-5E84-495C-BCBC-3B6CD5B039B0}.Release|Any CPU.Build.0 = Release|Any CPU
	EndGlobalSection
	GlobalSection(SolutionProperties) = preSolution
		HideSolutionNode = FALSE
	EndGlobalSection
	GlobalSection(ExtensibilityGlobals) = postSolution
		SolutionGuid = {A3CEC3EC-0088-445F-9AAF-127027D2862D}
	EndGlobalSection
EndGlobal
